
Microsoft Visual Studio Solution File, Format Version 12.00
# Visual Studio Version 17
VisualStudioVersion = 17.9.34723.18
MinimumVisualStudioVersion = 10.0.40219.1
Project("{FAE04EC0-301F-11D3-BF4B-00C04F79EFBC}") = "FoodShareNetAPI", "FoodShareNet\FoodShareNetAPI.csproj", "{4146B2A3-F8DB-4396-BF5C-A5965D258B85}"
EndProject
Project("{FAE04EC0-301F-11D3-BF4B-00C04F79EFBC}") = "FoodShareNet.Domain", "FoodShareNet.Domain\FoodShareNet.Domain.csproj", "{5D13B25A-A74F-4552-B423-BF2741937479}"
EndProject
Project("{FAE04EC0-301F-11D3-BF4B-00C04F79EFBC}") = "FoodShareNet.Repository", "FoodShareNet.Repository\FoodShareNet.Repository.csproj", "{14B33943-3E50-4479-BD71-41BB4753A665}"
EndProject
Global
	GlobalSection(SolutionConfigurationPlatforms) = preSolution
		Debug|Any CPU = Debug|Any CPU
		Release|Any CPU = Release|Any CPU
	EndGlobalSection
	GlobalSection(ProjectConfigurationPlatforms) = postSolution
		{4146B2A3-F8DB-4396-BF5C-A5965D258B85}.Debug|Any CPU.ActiveCfg = Debug|Any CPU
		{4146B2A3-F8DB-4396-BF5C-A5965D258B85}.Debug|Any CPU.Build.0 = Debug|Any CPU
		{4146B2A3-F8DB-4396-BF5C-A5965D258B85}.Release|Any CPU.ActiveCfg = Release|Any CPU
		{4146B2A3-F8DB-4396-BF5C-A5965D258B85}.Release|Any CPU.Build.0 = Release|Any CPU
		{5D13B25A-A74F-4552-B423-BF2741937479}.Debug|Any CPU.ActiveCfg = Debug|Any CPU
		{5D13B25A-A74F-4552-B423-BF2741937479}.Debug|Any CPU.Build.0 = Debug|Any CPU
		{5D13B25A-A74F-4552-B423-BF2741937479}.Release|Any CPU.ActiveCfg = Release|Any CPU
		{5D13B25A-A74F-4552-B423-BF2741937479}.Release|Any CPU.Build.0 = Release|Any CPU
		{14B33943-3E50-4479-BD71-41BB4753A665}.Debug|Any CPU.ActiveCfg = Debug|Any CPU
		{14B33943-3E50-4479-BD71-41BB4753A665}.Debug|Any CPU.Build.0 = Debug|Any CPU
		{14B33943-3E50-4479-BD71-41BB4753A665}.Release|Any CPU.ActiveCfg = Release|Any CPU
		{14B33943-3E50-4479-BD71-41BB4753A665}.Release|Any CPU.Build.0 = Release|Any CPU
	EndGlobalSection
	GlobalSection(SolutionProperties) = preSolution
		HideSolutionNode = FALSE
	EndGlobalSection
	GlobalSection(ExtensibilityGlobals) = postSolution
		SolutionGuid = {E8516B2F-FB40-4729-AE2D-F26C6A63FF30}
	EndGlobalSection
EndGlobal
